// !$*UTF8*$!
{
	archiveVersion = 1;
	classes = {
	};
	objectVersion = 46;
	objects = {

/* Begin PBXBuildFile section */
		637C400F1E10224B00578E30 /* AppDelegate.swift in Sources */ = {isa = PBXBuildFile; fileRef = 637C400E1E10224B00578E30 /* AppDelegate.swift */; };
		637C40111E10224B00578E30 /* ViewController.swift in Sources */ = {isa = PBXBuildFile; fileRef = 637C40101E10224B00578E30 /* ViewController.swift */; };
		637C40141E10224B00578E30 /* Main.storyboard in Resources */ = {isa = PBXBuildFile; fileRef = 637C40121E10224B00578E30 /* Main.storyboard */; };
		637C40161E10224B00578E30 /* Assets.xcassets in Resources */ = {isa = PBXBuildFile; fileRef = 637C40151E10224B00578E30 /* Assets.xcassets */; };
		637C40191E10224B00578E30 /* LaunchScreen.storyboard in Resources */ = {isa = PBXBuildFile; fileRef = 637C40171E10224B00578E30 /* LaunchScreen.storyboard */; };
		637C40241E10224B00578E30 /* Test_Hello_WorldTests.swift in Sources */ = {isa = PBXBuildFile; fileRef = 637C40231E10224B00578E30 /* Test_Hello_WorldTests.swift */; };
		637C402F1E10224B00578E30 /* Test_Hello_WorldUITests.swift in Sources */ = {isa = PBXBuildFile; fileRef = 637C402E1E10224B00578E30 /* Test_Hello_WorldUITests.swift */; };
/* End PBXBuildFile section */

/* Begin PBXContainerItemProxy section */
		637C40201E10224B00578E30 /* PBXContainerItemProxy */ = {
			isa = PBXContainerItemProxy;
			containerPortal = 637C40031E10224B00578E30 /* Project object */;
			proxyType = 1;
			remoteGlobalIDString = 637C400A1E10224B00578E30;
			remoteInfo = Test_Hello_World;
		};
		637C402B1E10224B00578E30 /* PBXContainerItemProxy */ = {
			isa = PBXContainerItemProxy;
			containerPortal = 637C40031E10224B00578E30 /* Project object */;
			proxyType = 1;
			remoteGlobalIDString = 637C400A1E10224B00578E30;
			remoteInfo = Test_Hello_World;
		};
/* End PBXContainerItemProxy section */

/* Begin PBXFileReference section */
		637C400B1E10224B00578E30 /* Test_Hello_World.app */ = {isa = PBXFileReference; explicitFileType = wrapper.application; includeInIndex = 0; path = Test_Hello_World.app; sourceTree = BUILT_PRODUCTS_DIR; };
		637C400E1E10224B00578E30 /* AppDelegate.swift */ = {isa = PBXFileReference; lastKnownFileType = sourcecode.swift; path = AppDelegate.swift; sourceTree = "<group>"; };
		637C40101E10224B00578E30 /* ViewController.swift */ = {isa = PBXFileReference; lastKnownFileType = sourcecode.swift; path = ViewController.swift; sourceTree = "<group>"; };
		637C40131E10224B00578E30 /* Base */ = {isa = PBXFileReference; lastKnownFileType = file.storyboard; name = Base; path = Base.lproj/Main.storyboard; sourceTree = "<group>"; };
		637C40151E10224B00578E30 /* Assets.xcassets */ = {isa = PBXFileReference; lastKnownFileType = folder.assetcatalog; path = Assets.xcassets; sourceTree = "<group>"; };
		637C40181E10224B00578E30 /* Base */ = {isa = PBXFileReference; lastKnownFileType = file.storyboard; name = Base; path = Base.lproj/LaunchScreen.storyboard; sourceTree = "<group>"; };
		637C401A1E10224B00578E30 /* Info.plist */ = {isa = PBXFileReference; lastKnownFileType = text.plist.xml; path = Info.plist; sourceTree = "<group>"; };
		637C401F1E10224B00578E30 /* Test_Hello_WorldTests.xctest */ = {isa = PBXFileReference; explicitFileType = wrapper.cfbundle; includeInIndex = 0; path = Test_Hello_WorldTests.xctest; sourceTree = BUILT_PRODUCTS_DIR; };
		637C40231E10224B00578E30 /* Test_Hello_WorldTests.swift */ = {isa = PBXFileReference; lastKnownFileType = sourcecode.swift; path = Test_Hello_WorldTests.swift; sourceTree = "<group>"; };
		637C40251E10224B00578E30 /* Info.plist */ = {isa = PBXFileReference; lastKnownFileType = text.plist.xml; path = Info.plist; sourceTree = "<group>"; };
		637C402A1E10224B00578E30 /* Test_Hello_WorldUITests.xctest */ = {isa = PBXFileReference; explicitFileType = wrapper.cfbundle; includeInIndex = 0; path = Test_Hello_WorldUITests.xctest; sourceTree = BUILT_PRODUCTS_DIR; };
		637C402E1E10224B00578E30 /* Test_Hello_WorldUITests.swift */ = {isa = PBXFileReference; lastKnownFileType = sourcecode.swift; path = Test_Hello_WorldUITests.swift; sourceTree = "<group>"; };
		637C40301E10224B00578E30 /* Info.plist */ = {isa = PBXFileReference; lastKnownFileType = text.plist.xml; path = Info.plist; sourceTree = "<group>"; };
/* End PBXFileReference section */

/* Begin PBXFrameworksBuildPhase section */
		637C40081E10224B00578E30 /* Frameworks */ = {
			isa = PBXFrameworksBuildPhase;
			buildActionMask = 2147483647;
			files = (
			);
			runOnlyForDeploymentPostprocessing = 0;
		};
		637C401C1E10224B00578E30 /* Frameworks */ = {
			isa = PBXFrameworksBuildPhase;
			buildActionMask = 2147483647;
			files = (
			);
			runOnlyForDeploymentPostprocessing = 0;
		};
		637C40271E10224B00578E30 /* Frameworks */ = {
			isa = PBXFrameworksBuildPhase;
			buildActionMask = 2147483647;
			files = (
			);
			runOnlyForDeploymentPostprocessing = 0;
		};
/* End PBXFrameworksBuildPhase section */

/* Begin PBXGroup section */
		637C40021E10224B00578E30 = {
			isa = PBXGroup;
			children = (
				637C400D1E10224B00578E30 /* Test_Hello_World */,
				637C40221E10224B00578E30 /* Test_Hello_WorldTests */,
				637C402D1E10224B00578E30 /* Test_Hello_WorldUITests */,
				637C400C1E10224B00578E30 /* Products */,
			);
			sourceTree = "<group>";
		};
		637C400C1E10224B00578E30 /* Products */ = {
			isa = PBXGroup;
			children = (
				637C400B1E10224B00578E30 /* Test_Hello_World.app */,
				637C401F1E10224B00578E30 /* Test_Hello_WorldTests.xctest */,
				637C402A1E10224B00578E30 /* Test_Hello_WorldUITests.xctest */,
			);
			name = Products;
			sourceTree = "<group>";
		};
		637C400D1E10224B00578E30 /* Test_Hello_World */ = {
			isa = PBXGroup;
			children = (
				637C400E1E10224B00578E30 /* AppDelegate.swift */,
				637C40101E10224B00578E30 /* ViewController.swift */,
				637C40121E10224B00578E30 /* Main.storyboard */,
				637C40151E10224B00578E30 /* Assets.xcassets */,
				637C40171E10224B00578E30 /* LaunchScreen.storyboard */,
				637C401A1E10224B00578E30 /* Info.plist */,
			);
			path = Test_Hello_World;
			sourceTree = "<group>";
		};
		637C40221E10224B00578E30 /* Test_Hello_WorldTests */ = {
			isa = PBXGroup;
			children = (
				637C40231E10224B00578E30 /* Test_Hello_WorldTests.swift */,
				637C40251E10224B00578E30 /* Info.plist */,
			);
			path = Test_Hello_WorldTests;
			sourceTree = "<group>";
		};
		637C402D1E10224B00578E30 /* Test_Hello_WorldUITests */ = {
			isa = PBXGroup;
			children = (
				637C402E1E10224B00578E30 /* Test_Hello_WorldUITests.swift */,
				637C40301E10224B00578E30 /* Info.plist */,
			);
			path = Test_Hello_WorldUITests;
			sourceTree = "<group>";
		};
/* End PBXGroup section */

/* Begin PBXNativeTarget section */
		637C400A1E10224B00578E30 /* Test_Hello_World */ = {
			isa = PBXNativeTarget;
			buildConfigurationList = 637C40331E10224B00578E30 /* Build configuration list for PBXNativeTarget "Test_Hello_World" */;
			buildPhases = (
				637C40071E10224B00578E30 /* Sources */,
				637C40081E10224B00578E30 /* Frameworks */,
				637C40091E10224B00578E30 /* Resources */,
			);
			buildRules = (
			);
			dependencies = (
			);
			name = Test_Hello_World;
			productName = Test_Hello_World;
			productReference = 637C400B1E10224B00578E30 /* Test_Hello_World.app */;
			productType = "com.apple.product-type.application";
		};
		637C401E1E10224B00578E30 /* Test_Hello_WorldTests */ = {
			isa = PBXNativeTarget;
			buildConfigurationList = 637C40361E10224B00578E30 /* Build configuration list for PBXNativeTarget "Test_Hello_WorldTests" */;
			buildPhases = (
				637C401B1E10224B00578E30 /* Sources */,
				637C401C1E10224B00578E30 /* Frameworks */,
				637C401D1E10224B00578E30 /* Resources */,
			);
			buildRules = (
			);
			dependencies = (
				637C40211E10224B00578E30 /* PBXTargetDependency */,
			);
			name = Test_Hello_WorldTests;
			productName = Test_Hello_WorldTests;
			productReference = 637C401F1E10224B00578E30 /* Test_Hello_WorldTests.xctest */;
			productType = "com.apple.product-type.bundle.unit-test";
		};
		637C40291E10224B00578E30 /* Test_Hello_WorldUITests */ = {
			isa = PBXNativeTarget;
			buildConfigurationList = 637C40391E10224B00578E30 /* Build configuration list for PBXNativeTarget "Test_Hello_WorldUITests" */;
			buildPhases = (
				637C40261E10224B00578E30 /* Sources */,
				637C40271E10224B00578E30 /* Frameworks */,
				637C40281E10224B00578E30 /* Resources */,
			);
			buildRules = (
			);
			dependencies = (
				637C402C1E10224B00578E30 /* PBXTargetDependency */,
			);
			name = Test_Hello_WorldUITests;
			productName = Test_Hello_WorldUITests;
			productReference = 637C402A1E10224B00578E30 /* Test_Hello_WorldUITests.xctest */;
			productType = "com.apple.product-type.bundle.ui-testing";
		};
/* End PBXNativeTarget section */

/* Begin PBXProject section */
		637C40031E10224B00578E30 /* Project object */ = {
			isa = PBXProject;
			attributes = {
				LastSwiftUpdateCheck = 0820;
				LastUpgradeCheck = 0820;
				ORGANIZATIONNAME = Srini;
				TargetAttributes = {
					637C400A1E10224B00578E30 = {
						CreatedOnToolsVersion = 8.2.1;
						ProvisioningStyle = Automatic;
					};
					637C401E1E10224B00578E30 = {
						CreatedOnToolsVersion = 8.2.1;
						ProvisioningStyle = Automatic;
						TestTargetID = 637C400A1E10224B00578E30;
					};
					637C40291E10224B00578E30 = {
						CreatedOnToolsVersion = 8.2.1;
						ProvisioningStyle = Automatic;
						TestTargetID = 637C400A1E10224B00578E30;
					};
				};
			};
			buildConfigurationList = 637C40061E10224B00578E30 /* Build configuration list for PBXProject "Test_Hello_World" */;
			compatibilityVersion = "Xcode 3.2";
			developmentRegion = English;
			hasScannedForEncodings = 0;
			knownRegions = (
				en,
				Base,
			);
			mainGroup = 637C40021E10224B00578E30;
			productRefGroup = 637C400C1E10224B00578E30 /* Products */;
			projectDirPath = "";
			projectRoot = "";
			targets = (
				637C400A1E10224B00578E30 /* Test_Hello_World */,
				637C401E1E10224B00578E30 /* Test_Hello_WorldTests */,
				637C40291E10224B00578E30 /* Test_Hello_WorldUITests */,
			);
		};
/* End PBXProject section */

/* Begin PBXResourcesBuildPhase section */
		637C40091E10224B00578E30 /* Resources */ = {
			isa = PBXResourcesBuildPhase;
			buildActionMask = 2147483647;
			files = (
				637C40191E10224B00578E30 /* LaunchScreen.storyboard in Resources */,
				637C40161E10224B00578E30 /* Assets.xcassets in Resources */,
				637C40141E10224B00578E30 /* Main.storyboard in Resources */,
			);
			runOnlyForDeploymentPostprocessing = 0;
		};
		637C401D1E10224B00578E30 /* Resources */ = {
			isa = PBXResourcesBuildPhase;
			buildActionMask = 2147483647;
			files = (
			);
			runOnlyForDeploymentPostprocessing = 0;
		};
		637C40281E10224B00578E30 /* Resources */ = {
			isa = PBXResourcesBuildPhase;
			buildActionMask = 2147483647;
			files = (
			);
			runOnlyForDeploymentPostprocessing = 0;
		};
/* End PBXResourcesBuildPhase section */

/* Begin PBXSourcesBuildPhase section */
		637C40071E10224B00578E30 /* Sources */ = {
			isa = PBXSourcesBuildPhase;
			buildActionMask = 2147483647;
			files = (
				637C40111E10224B00578E30 /* ViewController.swift in Sources */,
				637C400F1E10224B00578E30 /* AppDelegate.swift in Sources */,
			);
			runOnlyForDeploymentPostprocessing = 0;
		};
		637C401B1E10224B00578E30 /* Sources */ = {
			isa = PBXSourcesBuildPhase;
			buildActionMask = 2147483647;
			files = (
				637C40241E10224B00578E30 /* Test_Hello_WorldTests.swift in Sources */,
			);
			runOnlyForDeploymentPostprocessing = 0;
		};
		637C40261E10224B00578E30 /* Sources */ = {
			isa = PBXSourcesBuildPhase;
			buildActionMask = 2147483647;
			files = (
				637C402F1E10224B00578E30 /* Test_Hello_WorldUITests.swift in Sources */,
			);
			runOnlyForDeploymentPostprocessing = 0;
		};
/* End PBXSourcesBuildPhase section */

/* Begin PBXTargetDependency section */
		637C40211E10224B00578E30 /* PBXTargetDependency */ = {
			isa = PBXTargetDependency;
			target = 637C400A1E10224B00578E30 /* Test_Hello_World */;
			targetProxy = 637C40201E10224B00578E30 /* PBXContainerItemProxy */;
		};
		637C402C1E10224B00578E30 /* PBXTargetDependency */ = {
			isa = PBXTargetDependency;
			target = 637C400A1E10224B00578E30 /* Test_Hello_World */;
			targetProxy = 637C402B1E10224B00578E30 /* PBXContainerItemProxy */;
		};
/* End PBXTargetDependency section */

/* Begin PBXVariantGroup section */
		637C40121E10224B00578E30 /* Main.storyboard */ = {
			isa = PBXVariantGroup;
			children = (
				637C40131E10224B00578E30 /* Base */,
			);
			name = Main.storyboard;
			sourceTree = "<group>";
		};
		637C40171E10224B00578E30 /* LaunchScreen.storyboard */ = {
			isa = PBXVariantGroup;
			children = (
				637C40181E10224B00578E30 /* Base */,
			);
			name = LaunchScreen.storyboard;
			sourceTree = "<group>";
		};
/* End PBXVariantGroup section */

/* Begin XCBuildConfiguration section */
		637C40311E10224B00578E30 /* Debug */ = {
			isa = XCBuildConfiguration;
			buildSettings = {
				ALWAYS_SEARCH_USER_PATHS = NO;
				CLANG_ANALYZER_NONNULL = YES;
				CLANG_CXX_LANGUAGE_STANDARD = "gnu++0x";
				CLANG_CXX_LIBRARY = "libc++";
				CLANG_ENABLE_MODULES = YES;
				CLANG_ENABLE_OBJC_ARC = YES;
				CLANG_WARN_BOOL_CONVERSION = YES;
				CLANG_WARN_CONSTANT_CONVERSION = YES;
				CLANG_WARN_DIRECT_OBJC_ISA_USAGE = YES_ERROR;
				CLANG_WARN_DOCUMENTATION_COMMENTS = YES;
				CLANG_WARN_EMPTY_BODY = YES;
				CLANG_WARN_ENUM_CONVERSION = YES;
				CLANG_WARN_INFINITE_RECURSION = YES;
				CLANG_WARN_INT_CONVERSION = YES;
				CLANG_WARN_OBJC_ROOT_CLASS = YES_ERROR;
				CLANG_WARN_SUSPICIOUS_MOVE = YES;
				CLANG_WARN_UNREACHABLE_CODE = YES;
				CLANG_WARN__DUPLICATE_METHOD_MATCH = YES;
				"CODE_SIGN_IDENTITY[sdk=iphoneos*]" = "iPhone Developer";
				COPY_PHASE_STRIP = NO;
				DEBUG_INFORMATION_FORMAT = dwarf;
				ENABLE_STRICT_OBJC_MSGSEND = YES;
				ENABLE_TESTABILITY = YES;
				GCC_C_LANGUAGE_STANDARD = gnu99;
				GCC_DYNAMIC_NO_PIC = NO;
				GCC_NO_COMMON_BLOCKS = YES;
				GCC_OPTIMIZATION_LEVEL = 0;
				GCC_PREPROCESSOR_DEFINITIONS = (
					"DEBUG=1",
					"$(inherited)",
				);
				GCC_WARN_64_TO_32_BIT_CONVERSION = YES;
				GCC_WARN_ABOUT_RETURN_TYPE = YES_ERROR;
				GCC_WARN_UNDECLARED_SELECTOR = YES;
				GCC_WARN_UNINITIALIZED_AUTOS = YES_AGGRESSIVE;
				GCC_WARN_UNUSED_FUNCTION = YES;
				GCC_WARN_UNUSED_VARIABLE = YES;
				IPHONEOS_DEPLOYMENT_TARGET = 10.2;
				MTL_ENABLE_DEBUG_INFO = YES;
				ONLY_ACTIVE_ARCH = YES;
				SDKROOT = iphoneos;
				SWIFT_ACTIVE_COMPILATION_CONDITIONS = DEBUG;
				SWIFT_OPTIMIZATION_LEVEL = "-Onone";
				TARGETED_DEVICE_FAMILY = "1,2";
			};
			name = Debug;
		};
		637C40321E10224B00578E30 /* Release */ = {
			isa = XCBuildConfiguration;
			buildSettings = {
				ALWAYS_SEARCH_USER_PATHS = NO;
				CLANG_ANALYZER_NONNULL = YES;
				CLANG_CXX_LANGUAGE_STANDARD = "gnu++0x";
				CLANG_CXX_LIBRARY = "libc++";
				CLANG_ENABLE_MODULES = YES;
				CLANG_ENABLE_OBJC_ARC = YES;
				CLANG_WARN_BOOL_CONVERSION = YES;
				CLANG_WARN_CONSTANT_CONVERSION = YES;
				CLANG_WARN_DIRECT_OBJC_ISA_USAGE = YES_ERROR;
				CLANG_WARN_DOCUMENTATION_COMMENTS = YES;
				CLANG_WARN_EMPTY_BODY = YES;
				CLANG_WARN_ENUM_CONVERSION = YES;
				CLANG_WARN_INFINITE_RECURSION = YES;
				CLANG_WARN_INT_CONVERSION = YES;
				CLANG_WARN_OBJC_ROOT_CLASS = YES_ERROR;
				CLANG_WARN_SUSPICIOUS_MOVE = YES;
				CLANG_WARN_UNREACHABLE_CODE = YES;
				CLANG_WARN__DUPLICATE_METHOD_MATCH = YES;
				"CODE_SIGN_IDENTITY[sdk=iphoneos*]" = "iPhone Developer";
				COPY_PHASE_STRIP = NO;
				DEBUG_INFORMATION_FORMAT = "dwarf-with-dsym";
				ENABLE_NS_ASSERTIONS = NO;
				ENABLE_STRICT_OBJC_MSGSEND = YES;
				GCC_C_LANGUAGE_STANDARD = gnu99;
				GCC_NO_COMMON_BLOCKS = YES;
				GCC_WARN_64_TO_32_BIT_CONVERSION = YES;
				GCC_WARN_ABOUT_RETURN_TYPE = YES_ERROR;
				GCC_WARN_UNDECLARED_SELECTOR = YES;
				GCC_WARN_UNINITIALIZED_AUTOS = YES_AGGRESSIVE;
				GCC_WARN_UNUSED_FUNCTION = YES;
				GCC_WARN_UNUSED_VARIABLE = YES;
				IPHONEOS_DEPLOYMENT_TARGET = 10.2;
				MTL_ENABLE_DEBUG_INFO = NO;
				SDKROOT = iphoneos;
				SWIFT_OPTIMIZATION_LEVEL = "-Owholemodule";
				TARGETED_DEVICE_FAMILY = "1,2";
				VALIDATE_PRODUCT = YES;
			};
			name = Release;
		};
		637C40341E10224B00578E30 /* Debug */ = {
			isa = XCBuildConfiguration;
			buildSettings = {
				ASSETCATALOG_COMPILER_APPICON_NAME = AppIcon;
				INFOPLIST_FILE = Test_Hello_World/Info.plist;
				LD_RUNPATH_SEARCH_PATHS = "$(inherited) @executable_path/Frameworks";
				PRODUCT_BUNDLE_IDENTIFIER = "Srini.Test-Hello-World";
				PRODUCT_NAME = "$(TARGET_NAME)";
				SWIFT_VERSION = 3.0;
			};
			name = Debug;
		};
		637C40351E10224B00578E30 /* Release */ = {
			isa = XCBuildConfiguration;
			buildSettings = {
				ASSETCATALOG_COMPILER_APPICON_NAME = AppIcon;
				INFOPLIST_FILE = Test_Hello_World/Info.plist;
				LD_RUNPATH_SEARCH_PATHS = "$(inherited) @executable_path/Frameworks";
				PRODUCT_BUNDLE_IDENTIFIER = "Srini.Test-Hello-World";
				PRODUCT_NAME = "$(TARGET_NAME)";
				SWIFT_VERSION = 3.0;
			};
			name = Release;
		};
		637C40371E10224B00578E30 /* Debug */ = {
			isa = XCBuildConfiguration;
			buildSettings = {
				ALWAYS_EMBED_SWIFT_STANDARD_LIBRARIES = YES;
				BUNDLE_LOADER = "$(TEST_HOST)";
				INFOPLIST_FILE = Test_Hello_WorldTests/Info.plist;
				LD_RUNPATH_SEARCH_PATHS = "$(inherited) @executable_path/Frameworks @loader_path/Frameworks";
				PRODUCT_BUNDLE_IDENTIFIER = "Srini.Test-Hello-WorldTests";
				PRODUCT_NAME = "$(TARGET_NAME)";
				SWIFT_VERSION = 3.0;
				TEST_HOST = "$(BUILT_PRODUCTS_DIR)/Test_Hello_World.app/Test_Hello_World";
			};
			name = Debug;
		};
		637C40381E10224B00578E30 /* Release */ = {
			isa = XCBuildConfiguration;
			buildSettings = {
				ALWAYS_EMBED_SWIFT_STANDARD_LIBRARIES = YES;
				BUNDLE_LOADER = "$(TEST_HOST)";
				INFOPLIST_FILE = Test_Hello_WorldTests/Info.plist;
				LD_RUNPATH_SEARCH_PATHS = "$(inherited) @executable_path/Frameworks @loader_path/Frameworks";
				PRODUCT_BUNDLE_IDENTIFIER = "Srini.Test-Hello-WorldTests";
				PRODUCT_NAME = "$(TARGET_NAME)";
				SWIFT_VERSION = 3.0;
				TEST_HOST = "$(BUILT_PRODUCTS_DIR)/Test_Hello_World.app/Test_Hello_World";
			};
			name = Release;
		};
		637C403A1E10224B00578E30 /* Debug */ = {
			isa = XCBuildConfiguration;
			buildSettings = {
				ALWAYS_EMBED_SWIFT_STANDARD_LIBRARIES = YES;
				INFOPLIST_FILE = Test_Hello_WorldUITests/Info.plist;
				LD_RUNPATH_SEARCH_PATHS = "$(inherited) @executable_path/Frameworks @loader_path/Frameworks";
				PRODUCT_BUNDLE_IDENTIFIER = "Srini.Test-Hello-WorldUITests";
				PRODUCT_NAME = "$(TARGET_NAME)";
				SWIFT_VERSION = 3.0;
				TEST_TARGET_NAME = Test_Hello_World;
			};
			name = Debug;
		};
		637C403B1E10224B00578E30 /* Release */ = {
			isa = XCBuildConfiguration;
			buildSettings = {
				ALWAYS_EMBED_SWIFT_STANDARD_LIBRARIES = YES;
				INFOPLIST_FILE = Test_Hello_WorldUITests/Info.plist;
				LD_RUNPATH_SEARCH_PATHS = "$(inherited) @executable_path/Frameworks @loader_path/Frameworks";
				PRODUCT_BUNDLE_IDENTIFIER = "Srini.Test-Hello-WorldUITests";
				PRODUCT_NAME = "$(TARGET_NAME)";
				SWIFT_VERSION = 3.0;
				TEST_TARGET_NAME = Test_Hello_World;
			};
			name = Release;
		};
/* End XCBuildConfiguration section */

/* Begin XCConfigurationList section */
		637C40061E10224B00578E30 /* Build configuration list for PBXProject "Test_Hello_World" */ = {
			isa = XCConfigurationList;
			buildConfigurations = (
				637C40311E10224B00578E30 /* Debug */,
				637C40321E10224B00578E30 /* Release */,
			);
			defaultConfigurationIsVisible = 0;
			defaultConfigurationName = Release;
		};
		637C40331E10224B00578E30 /* Build configuration list for PBXNativeTarget "Test_Hello_World" */ = {
			isa = XCConfigurationList;
			buildConfigurations = (
				637C40341E10224B00578E30 /* Debug */,
				637C40351E10224B00578E30 /* Release */,
			);
			defaultConfigurationIsVisible = 0;
		};
		637C40361E10224B00578E30 /* Build configuration list for PBXNativeTarget "Test_Hello_WorldTests" */ = {
			isa = XCConfigurationList;
			buildConfigurations = (
				637C40371E10224B00578E30 /* Debug */,
				637C40381E10224B00578E30 /* Release */,
			);
			defaultConfigurationIsVisible = 0;
		};
		637C40391E10224B00578E30 /* Build configuration list for PBXNativeTarget "Test_Hello_WorldUITests" */ = {
			isa = XCConfigurationList;
			buildConfigurations = (
				637C403A1E10224B00578E30 /* Debug */,
				637C403B1E10224B00578E30 /* Release */,
			);
			defaultConfigurationIsVisible = 0;
		};
/* End XCConfigurationList section */
	};
	rootObject = 637C40031E10224B00578E30 /* Project object */;
}
